
Microsoft Visual Studio Solution File, Format Version 12.00
# Visual Studio Version 17
VisualStudioVersion = 17.9.34622.214
MinimumVisualStudioVersion = 10.0.40219.1
Project("{9A19103F-16F7-4668-BE54-9A1E7A4F7556}") = "bookifyWEBApi", "backend\bookify\bookifyWEBApi.csproj", "{35E75E89-CD38-44EC-A2F1-3B0AEA934F42}"
EndProject
Project("{9A19103F-16F7-4668-BE54-9A1E7A4F7556}") = "Bookify.Tests", "backend\Bookify.Tests\Bookify.Tests.csproj", "{0FD16D75-1CB6-4A13-B7E4-098313E01D79}"
EndProject
Project("{9A19103F-16F7-4668-BE54-9A1E7A4F7556}") = "DataAccess", "backend\DataAcces\DataAccess.csproj", "{7F0A3F4A-D104-4E2C-9370-FFD504853E99}"
EndProject
Project("{9A19103F-16F7-4668-BE54-9A1E7A4F7556}") = "Logic", "backend\Domain\Logic.csproj", "{5AD76B1A-B62E-4BD9-94AE-A1831A905438}"
EndProject
Project("{9A19103F-16F7-4668-BE54-9A1E7A4F7556}") = "Interfaces", "backend\Interfaces\Interfaces.csproj", "{3B6CFA26-A0E0-44CB-A0AC-5560DAF12EE8}"
EndProject
Global
	GlobalSection(SolutionConfigurationPlatforms) = preSolution
		Debug|Any CPU = Debug|Any CPU
		Release|Any CPU = Release|Any CPU
	EndGlobalSection
	GlobalSection(ProjectConfigurationPlatforms) = postSolution
		{35E75E89-CD38-44EC-A2F1-3B0AEA934F42}.Debug|Any CPU.ActiveCfg = Debug|Any CPU
		{35E75E89-CD38-44EC-A2F1-3B0AEA934F42}.Debug|Any CPU.Build.0 = Debug|Any CPU
		{35E75E89-CD38-44EC-A2F1-3B0AEA934F42}.Release|Any CPU.ActiveCfg = Release|Any CPU
		{35E75E89-CD38-44EC-A2F1-3B0AEA934F42}.Release|Any CPU.Build.0 = Release|Any CPU
		{0FD16D75-1CB6-4A13-B7E4-098313E01D79}.Debug|Any CPU.ActiveCfg = Debug|Any CPU
		{0FD16D75-1CB6-4A13-B7E4-098313E01D79}.Debug|Any CPU.Build.0 = Debug|Any CPU
		{0FD16D75-1CB6-4A13-B7E4-098313E01D79}.Release|Any CPU.ActiveCfg = Release|Any CPU
		{0FD16D75-1CB6-4A13-B7E4-098313E01D79}.Release|Any CPU.Build.0 = Release|Any CPU
		{7F0A3F4A-D104-4E2C-9370-FFD504853E99}.Debug|Any CPU.ActiveCfg = Debug|Any CPU
		{7F0A3F4A-D104-4E2C-9370-FFD504853E99}.Debug|Any CPU.Build.0 = Debug|Any CPU
		{7F0A3F4A-D104-4E2C-9370-FFD504853E99}.Release|Any CPU.ActiveCfg = Release|Any CPU
		{7F0A3F4A-D104-4E2C-9370-FFD504853E99}.Release|Any CPU.Build.0 = Release|Any CPU
		{5AD76B1A-B62E-4BD9-94AE-A1831A905438}.Debug|Any CPU.ActiveCfg = Debug|Any CPU
		{5AD76B1A-B62E-4BD9-94AE-A1831A905438}.Debug|Any CPU.Build.0 = Debug|Any CPU
		{5AD76B1A-B62E-4BD9-94AE-A1831A905438}.Release|Any CPU.ActiveCfg = Release|Any CPU
		{5AD76B1A-B62E-4BD9-94AE-A1831A905438}.Release|Any CPU.Build.0 = Release|Any CPU
		{3B6CFA26-A0E0-44CB-A0AC-5560DAF12EE8}.Debug|Any CPU.ActiveCfg = Debug|Any CPU
		{3B6CFA26-A0E0-44CB-A0AC-5560DAF12EE8}.Debug|Any CPU.Build.0 = Debug|Any CPU
		{3B6CFA26-A0E0-44CB-A0AC-5560DAF12EE8}.Release|Any CPU.ActiveCfg = Release|Any CPU
		{3B6CFA26-A0E0-44CB-A0AC-5560DAF12EE8}.Release|Any CPU.Build.0 = Release|Any CPU
	EndGlobalSection
	GlobalSection(SolutionProperties) = preSolution
		HideSolutionNode = FALSE
	EndGlobalSection
	GlobalSection(ExtensibilityGlobals) = postSolution
		SolutionGuid = {A5BEE384-2F1B-4A6E-872F-84C915AE333B}
	EndGlobalSection
EndGlobal
