
Microsoft Visual Studio Solution File, Format Version 12.00
# Visual Studio Version 17
VisualStudioVersion = 17.9.34622.214
MinimumVisualStudioVersion = 10.0.40219.1
Project("{9A19103F-16F7-4668-BE54-9A1E7A4F7556}") = "bookifyWEBApi", "bookify\bookifyWEBApi.csproj", "{ECE38B94-2BF0-475E-BD40-F8A747F6FF57}"
EndProject
Project("{9A19103F-16F7-4668-BE54-9A1E7A4F7556}") = "Logic", "Domain\Logic.csproj", "{51536F3F-4441-4386-BE6F-2162D7F50934}"
EndProject
Project("{9A19103F-16F7-4668-BE54-9A1E7A4F7556}") = "DataAccess", "DataAcces\DataAccess.csproj", "{59BFEEA0-9703-46F9-BCDF-904F3D96F57B}"
EndProject
Project("{9A19103F-16F7-4668-BE54-9A1E7A4F7556}") = "Interfaces", "Interfaces\Interfaces.csproj", "{9DCC259F-44BA-442C-ADD0-6CF8B3256B41}"
EndProject
Project("{FAE04EC0-301F-11D3-BF4B-00C04F79EFBC}") = "Bookify.Tests", "Bookify.Tests\Bookify.Tests.csproj", "{0C90018E-5D8F-4A9D-9059-9E49A014507A}"
EndProject
Global
	GlobalSection(SolutionConfigurationPlatforms) = preSolution
		Debug|Any CPU = Debug|Any CPU
		Release|Any CPU = Release|Any CPU
	EndGlobalSection
	GlobalSection(ProjectConfigurationPlatforms) = postSolution
		{ECE38B94-2BF0-475E-BD40-F8A747F6FF57}.Debug|Any CPU.ActiveCfg = Debug|Any CPU
		{ECE38B94-2BF0-475E-BD40-F8A747F6FF57}.Debug|Any CPU.Build.0 = Debug|Any CPU
		{ECE38B94-2BF0-475E-BD40-F8A747F6FF57}.Release|Any CPU.ActiveCfg = Release|Any CPU
		{ECE38B94-2BF0-475E-BD40-F8A747F6FF57}.Release|Any CPU.Build.0 = Release|Any CPU
		{51536F3F-4441-4386-BE6F-2162D7F50934}.Debug|Any CPU.ActiveCfg = Debug|Any CPU
		{51536F3F-4441-4386-BE6F-2162D7F50934}.Debug|Any CPU.Build.0 = Debug|Any CPU
		{51536F3F-4441-4386-BE6F-2162D7F50934}.Release|Any CPU.ActiveCfg = Release|Any CPU
		{51536F3F-4441-4386-BE6F-2162D7F50934}.Release|Any CPU.Build.0 = Release|Any CPU
		{59BFEEA0-9703-46F9-BCDF-904F3D96F57B}.Debug|Any CPU.ActiveCfg = Debug|Any CPU
		{59BFEEA0-9703-46F9-BCDF-904F3D96F57B}.Debug|Any CPU.Build.0 = Debug|Any CPU
		{59BFEEA0-9703-46F9-BCDF-904F3D96F57B}.Release|Any CPU.ActiveCfg = Release|Any CPU
		{59BFEEA0-9703-46F9-BCDF-904F3D96F57B}.Release|Any CPU.Build.0 = Release|Any CPU
		{9DCC259F-44BA-442C-ADD0-6CF8B3256B41}.Debug|Any CPU.ActiveCfg = Debug|Any CPU
		{9DCC259F-44BA-442C-ADD0-6CF8B3256B41}.Debug|Any CPU.Build.0 = Debug|Any CPU
		{9DCC259F-44BA-442C-ADD0-6CF8B3256B41}.Release|Any CPU.ActiveCfg = Release|Any CPU
		{9DCC259F-44BA-442C-ADD0-6CF8B3256B41}.Release|Any CPU.Build.0 = Release|Any CPU
		{0C90018E-5D8F-4A9D-9059-9E49A014507A}.Debug|Any CPU.ActiveCfg = Debug|Any CPU
		{0C90018E-5D8F-4A9D-9059-9E49A014507A}.Debug|Any CPU.Build.0 = Debug|Any CPU
		{0C90018E-5D8F-4A9D-9059-9E49A014507A}.Release|Any CPU.ActiveCfg = Release|Any CPU
		{0C90018E-5D8F-4A9D-9059-9E49A014507A}.Release|Any CPU.Build.0 = Release|Any CPU
	EndGlobalSection
	GlobalSection(SolutionProperties) = preSolution
		HideSolutionNode = FALSE
	EndGlobalSection
	GlobalSection(ExtensibilityGlobals) = postSolution
		SolutionGuid = {A5BEE384-2F1B-4A6E-872F-84C915AE333B}
	EndGlobalSection
EndGlobal
